
Microsoft Visual Studio Solution File, Format Version 12.00
# Visual Studio Version 16
VisualStudioVersion = 16.0.30002.166
MinimumVisualStudioVersion = 10.0.40219.1
Project("{FAE04EC0-301F-11D3-BF4B-00C04F79EFBC}") = "PraxiTasks", "PraxiTasks.csproj", "{3E0F717C-9EB8-4733-926B-7CDA8C8B3A27}"
EndProject
Global
	GlobalSection(SolutionConfigurationPlatforms) = preSolution
		Debug|Any CPU = Debug|Any CPU
		Release|Any CPU = Release|Any CPU
	EndGlobalSection
	GlobalSection(ProjectConfigurationPlatforms) = postSolution
		{3E0F717C-9EB8-4733-926B-7CDA8C8B3A27}.Debug|Any CPU.ActiveCfg = Debug|Any CPU
		{3E0F717C-9EB8-4733-926B-7CDA8C8B3A27}.Debug|Any CPU.Build.0 = Debug|Any CPU
		{3E0F717C-9EB8-4733-926B-7CDA8C8B3A27}.Release|Any CPU.ActiveCfg = Release|Any CPU
		{3E0F717C-9EB8-4733-926B-7CDA8C8B3A27}.Release|Any CPU.Build.0 = Release|Any CPU
	EndGlobalSection
	GlobalSection(SolutionProperties) = preSolution
		HideSolutionNode = FALSE
	EndGlobalSection
	GlobalSection(ExtensibilityGlobals) = postSolution
		SolutionGuid = {45CBD002-C5F3-412E-9CB1-CCFBEE67056F}
	EndGlobalSection
EndGlobal
